
Microsoft Visual Studio Solution File, Format Version 12.00
# Visual Studio Version 17
VisualStudioVersion = 17.5.33414.496
MinimumVisualStudioVersion = 10.0.40219.1
Project("{9A19103F-16F7-4668-BE54-9A1E7A4F7556}") = "P.PresentationLayer", "P.PresentationLayer\P.PresentationLayer.csproj", "{FB448BC5-948C-4637-9902-102C7AA55371}"
EndProject
Project("{9A19103F-16F7-4668-BE54-9A1E7A4F7556}") = "P.DataAccessLayer", "P.DataAccessLayer\P.DataAccessLayer.csproj", "{DDC09E63-485F-4F35-A5C9-2344A366A6A1}"
EndProject
Project("{9A19103F-16F7-4668-BE54-9A1E7A4F7556}") = "P.BusinessLogicLayer", "P.BusinessLogicLayer\P.BusinessLogicLayer.csproj", "{990CD020-E65F-4BCA-A3C4-964C7FF38550}"
EndProject
Global
	GlobalSection(SolutionConfigurationPlatforms) = preSolution
		Debug|Any CPU = Debug|Any CPU
		Release|Any CPU = Release|Any CPU
	EndGlobalSection
	GlobalSection(ProjectConfigurationPlatforms) = postSolution
		{FB448BC5-948C-4637-9902-102C7AA55371}.Debug|Any CPU.ActiveCfg = Debug|Any CPU
		{FB448BC5-948C-4637-9902-102C7AA55371}.Debug|Any CPU.Build.0 = Debug|Any CPU
		{FB448BC5-948C-4637-9902-102C7AA55371}.Release|Any CPU.ActiveCfg = Release|Any CPU
		{FB448BC5-948C-4637-9902-102C7AA55371}.Release|Any CPU.Build.0 = Release|Any CPU
		{DDC09E63-485F-4F35-A5C9-2344A366A6A1}.Debug|Any CPU.ActiveCfg = Debug|Any CPU
		{DDC09E63-485F-4F35-A5C9-2344A366A6A1}.Debug|Any CPU.Build.0 = Debug|Any CPU
		{DDC09E63-485F-4F35-A5C9-2344A366A6A1}.Release|Any CPU.ActiveCfg = Release|Any CPU
		{DDC09E63-485F-4F35-A5C9-2344A366A6A1}.Release|Any CPU.Build.0 = Release|Any CPU
		{990CD020-E65F-4BCA-A3C4-964C7FF38550}.Debug|Any CPU.ActiveCfg = Debug|Any CPU
		{990CD020-E65F-4BCA-A3C4-964C7FF38550}.Debug|Any CPU.Build.0 = Debug|Any CPU
		{990CD020-E65F-4BCA-A3C4-964C7FF38550}.Release|Any CPU.ActiveCfg = Release|Any CPU
		{990CD020-E65F-4BCA-A3C4-964C7FF38550}.Release|Any CPU.Build.0 = Release|Any CPU
	EndGlobalSection
	GlobalSection(SolutionProperties) = preSolution
		HideSolutionNode = FALSE
	EndGlobalSection
	GlobalSection(ExtensibilityGlobals) = postSolution
		SolutionGuid = {7B48E261-6C6B-4C6A-966F-8FE34D4948C3}
	EndGlobalSection
EndGlobal
